// !$*UTF8*$!
{
	archiveVersion = 1;
	classes = {
	};
	objectVersion = 77;
	objects = {

/* Begin PBXBuildFile section */
		249E4711579929293A91455A /* Pods_ReclaimExample.framework in Frameworks */ = {isa = PBXBuildFile; fileRef = CE593C2C445CF806CD1BA096 /* Pods_ReclaimExample.framework */; };
		79249E802D29DF7800D48F07 /* ReclaimInAppSdk in Frameworks */ = {isa = PBXBuildFile; productRef = 79249E7F2D29DF7800D48F07 /* ReclaimInAppSdk */; };
		7950289E2CC2367300359AEE /* Localizable.xcstrings in Resources */ = {isa = PBXBuildFile; fileRef = 7950289D2CC2367300359AEE /* Localizable.xcstrings */; };
		7950289F2CC2367300359AEE /* Localizable.xcstrings in Resources */ = {isa = PBXBuildFile; fileRef = 7950289D2CC2367300359AEE /* Localizable.xcstrings */; };
		795028A02CC2367300359AEE /* Localizable.xcstrings in Resources */ = {isa = PBXBuildFile; fileRef = 7950289D2CC2367300359AEE /* Localizable.xcstrings */; };
		795028A42CC24B3600359AEE /* BaseConfig.xcconfig in Resources */ = {isa = PBXBuildFile; fileRef = 795028A32CC24B3600359AEE /* BaseConfig.xcconfig */; };
		795028A52CC24B3600359AEE /* BaseConfig.xcconfig in Resources */ = {isa = PBXBuildFile; fileRef = 795028A32CC24B3600359AEE /* BaseConfig.xcconfig */; };
		795028A62CC24B3600359AEE /* BaseConfig.xcconfig in Resources */ = {isa = PBXBuildFile; fileRef = 795028A32CC24B3600359AEE /* BaseConfig.xcconfig */; };
		7957C19B2CC90E4E00DBB8C7 /* SampleReclaimAttestorProofRequest.json in Resources */ = {isa = PBXBuildFile; fileRef = 7957C19A2CC90E3900DBB8C7 /* SampleReclaimAttestorProofRequest.json */; };
		7957C19C2CC90E4E00DBB8C7 /* SampleReclaimAttestorProofRequest.json in Resources */ = {isa = PBXBuildFile; fileRef = 7957C19A2CC90E3900DBB8C7 /* SampleReclaimAttestorProofRequest.json */; };
		7957C19D2CC90E4E00DBB8C7 /* SampleReclaimAttestorProofRequest.json in Resources */ = {isa = PBXBuildFile; fileRef = 7957C19A2CC90E3900DBB8C7 /* SampleReclaimAttestorProofRequest.json */; };
		796962D12D29F6BD00C8A707 /* flutter_secure_storage.xcframework in Frameworks */ = {isa = PBXBuildFile; fileRef = 79B6A3C72D29F03F00DAE854 /* flutter_secure_storage.xcframework */; };
		796962D22D29F6BD00C8A707 /* flutter_secure_storage.xcframework in Embed Frameworks */ = {isa = PBXBuildFile; fileRef = 79B6A3C72D29F03F00DAE854 /* flutter_secure_storage.xcframework */; settings = {ATTRIBUTES = (CodeSignOnCopy, RemoveHeadersOnCopy, ); }; };
		796962D32D29F70000C8A707 /* cupertino_http.xcframework in Frameworks */ = {isa = PBXBuildFile; fileRef = 79B6A3C82D29F03F00DAE854 /* cupertino_http.xcframework */; };
		796962D42D29F70000C8A707 /* cupertino_http.xcframework in Embed Frameworks */ = {isa = PBXBuildFile; fileRef = 79B6A3C82D29F03F00DAE854 /* cupertino_http.xcframework */; settings = {ATTRIBUTES = (CodeSignOnCopy, RemoveHeadersOnCopy, ); }; };
		796962D52D29F71E00C8A707 /* gnarkprover.xcframework in Frameworks */ = {isa = PBXBuildFile; fileRef = 79B6A3C92D29F03F00DAE854 /* gnarkprover.xcframework */; };
		796962D62D29F71E00C8A707 /* gnarkprover.xcframework in Embed Frameworks */ = {isa = PBXBuildFile; fileRef = 79B6A3C92D29F03F00DAE854 /* gnarkprover.xcframework */; settings = {ATTRIBUTES = (CodeSignOnCopy, RemoveHeadersOnCopy, ); }; };
		796962D72D29F73500C8A707 /* path_provider_foundation.xcframework in Frameworks */ = {isa = PBXBuildFile; fileRef = 79B6A3CA2D29F03F00DAE854 /* path_provider_foundation.xcframework */; };
		796962D82D29F73500C8A707 /* path_provider_foundation.xcframework in Embed Frameworks */ = {isa = PBXBuildFile; fileRef = 79B6A3CA2D29F03F00DAE854 /* path_provider_foundation.xcframework */; settings = {ATTRIBUTES = (CodeSignOnCopy, RemoveHeadersOnCopy, ); }; };
		796962D92D29F75100C8A707 /* device_info_plus.xcframework in Frameworks */ = {isa = PBXBuildFile; fileRef = 79B6A3CC2D29F03F00DAE854 /* device_info_plus.xcframework */; };
		796962DA2D29F75100C8A707 /* device_info_plus.xcframework in Embed Frameworks */ = {isa = PBXBuildFile; fileRef = 79B6A3CC2D29F03F00DAE854 /* device_info_plus.xcframework */; settings = {ATTRIBUTES = (CodeSignOnCopy, RemoveHeadersOnCopy, ); }; };
		796962DB2D29F76900C8A707 /* Toast.xcframework in Frameworks */ = {isa = PBXBuildFile; fileRef = 79B6A3CE2D29F03F00DAE854 /* Toast.xcframework */; };
		796962DC2D29F76900C8A707 /* Toast.xcframework in Embed Frameworks */ = {isa = PBXBuildFile; fileRef = 79B6A3CE2D29F03F00DAE854 /* Toast.xcframework */; settings = {ATTRIBUTES = (CodeSignOnCopy, RemoveHeadersOnCopy, ); }; };
		796962DD2D29F77F00C8A707 /* url_launcher_ios.xcframework in Frameworks */ = {isa = PBXBuildFile; fileRef = 79B6A3CF2D29F03F00DAE854 /* url_launcher_ios.xcframework */; };
		796962DE2D29F77F00C8A707 /* url_launcher_ios.xcframework in Embed Frameworks */ = {isa = PBXBuildFile; fileRef = 79B6A3CF2D29F03F00DAE854 /* url_launcher_ios.xcframework */; settings = {ATTRIBUTES = (CodeSignOnCopy, RemoveHeadersOnCopy, ); }; };
		796962DF2D29F79D00C8A707 /* flutter_inappwebview_ios.xcframework in Frameworks */ = {isa = PBXBuildFile; fileRef = 79B6A3D02D29F03F00DAE854 /* flutter_inappwebview_ios.xcframework */; };
		796962E02D29F79D00C8A707 /* flutter_inappwebview_ios.xcframework in Embed Frameworks */ = {isa = PBXBuildFile; fileRef = 79B6A3D02D29F03F00DAE854 /* flutter_inappwebview_ios.xcframework */; settings = {ATTRIBUTES = (CodeSignOnCopy, RemoveHeadersOnCopy, ); }; };
		796962E12D29F7C100C8A707 /* fluttertoast.xcframework in Frameworks */ = {isa = PBXBuildFile; fileRef = 79B6A3D12D29F03F00DAE854 /* fluttertoast.xcframework */; };
		796962E22D29F7C100C8A707 /* fluttertoast.xcframework in Embed Frameworks */ = {isa = PBXBuildFile; fileRef = 79B6A3D12D29F03F00DAE854 /* fluttertoast.xcframework */; settings = {ATTRIBUTES = (CodeSignOnCopy, RemoveHeadersOnCopy, ); }; };
		796962E32D29F7DE00C8A707 /* package_info_plus.xcframework in Frameworks */ = {isa = PBXBuildFile; fileRef = 79B6A3D62D29F03F00DAE854 /* package_info_plus.xcframework */; };
		796962E42D29F7DE00C8A707 /* package_info_plus.xcframework in Embed Frameworks */ = {isa = PBXBuildFile; fileRef = 79B6A3D62D29F03F00DAE854 /* package_info_plus.xcframework */; settings = {ATTRIBUTES = (CodeSignOnCopy, RemoveHeadersOnCopy, ); }; };
		796962E52D29F7E200C8A707 /* permission_handler_apple.xcframework in Frameworks */ = {isa = PBXBuildFile; fileRef = 79B6A3C62D29F03F00DAE854 /* permission_handler_apple.xcframework */; };
		796962E62D29F7E200C8A707 /* permission_handler_apple.xcframework in Embed Frameworks */ = {isa = PBXBuildFile; fileRef = 79B6A3C62D29F03F00DAE854 /* permission_handler_apple.xcframework */; settings = {ATTRIBUTES = (CodeSignOnCopy, RemoveHeadersOnCopy, ); }; };
		796962E72D29F7E600C8A707 /* share_plus.xcframework in Frameworks */ = {isa = PBXBuildFile; fileRef = 79B6A3D22D29F03F00DAE854 /* share_plus.xcframework */; };
		796962E82D29F7E600C8A707 /* share_plus.xcframework in Embed Frameworks */ = {isa = PBXBuildFile; fileRef = 79B6A3D22D29F03F00DAE854 /* share_plus.xcframework */; settings = {ATTRIBUTES = (CodeSignOnCopy, RemoveHeadersOnCopy, ); }; };
		796962E92D29F7E800C8A707 /* shared_preferences_foundation.xcframework in Frameworks */ = {isa = PBXBuildFile; fileRef = 79B6A3D32D29F03F00DAE854 /* shared_preferences_foundation.xcframework */; };
		796962EA2D29F7E800C8A707 /* shared_preferences_foundation.xcframework in Embed Frameworks */ = {isa = PBXBuildFile; fileRef = 79B6A3D32D29F03F00DAE854 /* shared_preferences_foundation.xcframework */; settings = {ATTRIBUTES = (CodeSignOnCopy, RemoveHeadersOnCopy, ); }; };
		796962EB2D29F7EC00C8A707 /* sqflite_darwin.xcframework in Frameworks */ = {isa = PBXBuildFile; fileRef = 79B6A3D42D29F03F00DAE854 /* sqflite_darwin.xcframework */; };
		796962EC2D29F7EC00C8A707 /* sqflite_darwin.xcframework in Embed Frameworks */ = {isa = PBXBuildFile; fileRef = 79B6A3D42D29F03F00DAE854 /* sqflite_darwin.xcframework */; settings = {ATTRIBUTES = (CodeSignOnCopy, RemoveHeadersOnCopy, ); }; };
		796962ED2D29F80400C8A707 /* OrderedSet.xcframework in Frameworks */ = {isa = PBXBuildFile; fileRef = 79B6A3D52D29F03F00DAE854 /* OrderedSet.xcframework */; };
		796962EE2D29F80400C8A707 /* OrderedSet.xcframework in Embed Frameworks */ = {isa = PBXBuildFile; fileRef = 79B6A3D52D29F03F00DAE854 /* OrderedSet.xcframework */; settings = {ATTRIBUTES = (CodeSignOnCopy, RemoveHeadersOnCopy, ); }; };
		79A13DA12D29F17500254B82 /* App.xcframework in Frameworks */ = {isa = PBXBuildFile; fileRef = 79B6A3CD2D29F03F00DAE854 /* App.xcframework */; };
		79A13DA22D29F17600254B82 /* App.xcframework in Embed Frameworks */ = {isa = PBXBuildFile; fileRef = 79B6A3CD2D29F03F00DAE854 /* App.xcframework */; settings = {ATTRIBUTES = (CodeSignOnCopy, RemoveHeadersOnCopy, ); }; };
		79A13DA42D29F18E00254B82 /* Flutter.xcframework in Frameworks */ = {isa = PBXBuildFile; fileRef = 79B6A3CB2D29F03F00DAE854 /* Flutter.xcframework */; };
		79A13DA52D29F18E00254B82 /* Flutter.xcframework in Embed Frameworks */ = {isa = PBXBuildFile; fileRef = 79B6A3CB2D29F03F00DAE854 /* Flutter.xcframework */; settings = {ATTRIBUTES = (CodeSignOnCopy, RemoveHeadersOnCopy, ); }; };
		79B6A3D72D29F03F00DAE854 /* FlutterPluginRegistrant.xcframework in Frameworks */ = {isa = PBXBuildFile; fileRef = 79B6A3C52D29F03F00DAE854 /* FlutterPluginRegistrant.xcframework */; };
		836A184AD06B7ABBA81DC331 /* Pods_ReclaimExampleTests.framework in Frameworks */ = {isa = PBXBuildFile; fileRef = 03A4E1612044C563D39DF7E1 /* Pods_ReclaimExampleTests.framework */; };
		FF5A7D62BB03F1DB1F0D654F /* Pods_ReclaimExample_ReclaimExampleUITests.framework in Frameworks */ = {isa = PBXBuildFile; fileRef = E048036F0AFFAC0824DF9207 /* Pods_ReclaimExample_ReclaimExampleUITests.framework */; };
/* End PBXBuildFile section */

/* Begin PBXContainerItemProxy section */
		7942412F2CC0597700E2F1D2 /* PBXContainerItemProxy */ = {
			isa = PBXContainerItemProxy;
			containerPortal = 794241162CC0597600E2F1D2 /* Project object */;
			proxyType = 1;
			remoteGlobalIDString = 7942411D2CC0597600E2F1D2;
			remoteInfo = app;
		};
		794241392CC0597700E2F1D2 /* PBXContainerItemProxy */ = {
			isa = PBXContainerItemProxy;
			containerPortal = 794241162CC0597600E2F1D2 /* Project object */;
			proxyType = 1;
			remoteGlobalIDString = 7942411D2CC0597600E2F1D2;
			remoteInfo = app;
		};
/* End PBXContainerItemProxy section */

/* Begin PBXCopyFilesBuildPhase section */
		79A13DA32D29F17600254B82 /* Embed Frameworks */ = {
			isa = PBXCopyFilesBuildPhase;
			buildActionMask = 2147483647;
			dstPath = "";
			dstSubfolderSpec = 10;
			files = (
				79A13DA52D29F18E00254B82 /* Flutter.xcframework in Embed Frameworks */,
				796962D42D29F70000C8A707 /* cupertino_http.xcframework in Embed Frameworks */,
				796962EE2D29F80400C8A707 /* OrderedSet.xcframework in Embed Frameworks */,
				796962E42D29F7DE00C8A707 /* package_info_plus.xcframework in Embed Frameworks */,
				796962D62D29F71E00C8A707 /* gnarkprover.xcframework in Embed Frameworks */,
				796962DC2D29F76900C8A707 /* Toast.xcframework in Embed Frameworks */,
				79A13DA22D29F17600254B82 /* App.xcframework in Embed Frameworks */,
				796962E02D29F79D00C8A707 /* flutter_inappwebview_ios.xcframework in Embed Frameworks */,
				796962DA2D29F75100C8A707 /* device_info_plus.xcframework in Embed Frameworks */,
				796962DE2D29F77F00C8A707 /* url_launcher_ios.xcframework in Embed Frameworks */,
				796962D82D29F73500C8A707 /* path_provider_foundation.xcframework in Embed Frameworks */,
				796962D22D29F6BD00C8A707 /* flutter_secure_storage.xcframework in Embed Frameworks */,
				796962E82D29F7E600C8A707 /* share_plus.xcframework in Embed Frameworks */,
				796962EA2D29F7E800C8A707 /* shared_preferences_foundation.xcframework in Embed Frameworks */,
				796962EC2D29F7EC00C8A707 /* sqflite_darwin.xcframework in Embed Frameworks */,
				796962E62D29F7E200C8A707 /* permission_handler_apple.xcframework in Embed Frameworks */,
				796962E22D29F7C100C8A707 /* fluttertoast.xcframework in Embed Frameworks */,
			);
			name = "Embed Frameworks";
			runOnlyForDeploymentPostprocessing = 0;
		};
/* End PBXCopyFilesBuildPhase section */

/* Begin PBXFileReference section */
		03A4E1612044C563D39DF7E1 /* Pods_ReclaimExampleTests.framework */ = {isa = PBXFileReference; explicitFileType = wrapper.framework; includeInIndex = 0; path = Pods_ReclaimExampleTests.framework; sourceTree = BUILT_PRODUCTS_DIR; };
		268A948ADC2976931DC73E4A /* Pods-ReclaimExample-ReclaimExampleUITests.release.xcconfig */ = {isa = PBXFileReference; includeInIndex = 1; lastKnownFileType = text.xcconfig; name = "Pods-ReclaimExample-ReclaimExampleUITests.release.xcconfig"; path = "Target Support Files/Pods-ReclaimExample-ReclaimExampleUITests/Pods-ReclaimExample-ReclaimExampleUITests.release.xcconfig"; sourceTree = "<group>"; };
		583F4D381E7CB6FBF213FEBF /* Pods-ReclaimExampleTests.debug.xcconfig */ = {isa = PBXFileReference; includeInIndex = 1; lastKnownFileType = text.xcconfig; name = "Pods-ReclaimExampleTests.debug.xcconfig"; path = "Target Support Files/Pods-ReclaimExampleTests/Pods-ReclaimExampleTests.debug.xcconfig"; sourceTree = "<group>"; };
		7205279DC9775E0046970885 /* Pods-ReclaimExample.debug.xcconfig */ = {isa = PBXFileReference; includeInIndex = 1; lastKnownFileType = text.xcconfig; name = "Pods-ReclaimExample.debug.xcconfig"; path = "Target Support Files/Pods-ReclaimExample/Pods-ReclaimExample.debug.xcconfig"; sourceTree = "<group>"; };
		79382313A4FFB042E10B2204 /* Pods-ReclaimExample-ReclaimExampleUITests.debug.xcconfig */ = {isa = PBXFileReference; includeInIndex = 1; lastKnownFileType = text.xcconfig; name = "Pods-ReclaimExample-ReclaimExampleUITests.debug.xcconfig"; path = "Target Support Files/Pods-ReclaimExample-ReclaimExampleUITests/Pods-ReclaimExample-ReclaimExampleUITests.debug.xcconfig"; sourceTree = "<group>"; };
		7942411E2CC0597600E2F1D2 /* ReclaimExample.app */ = {isa = PBXFileReference; explicitFileType = wrapper.application; includeInIndex = 0; path = ReclaimExample.app; sourceTree = BUILT_PRODUCTS_DIR; };
		7942412E2CC0597700E2F1D2 /* ReclaimExampleTests.xctest */ = {isa = PBXFileReference; explicitFileType = wrapper.cfbundle; includeInIndex = 0; path = ReclaimExampleTests.xctest; sourceTree = BUILT_PRODUCTS_DIR; };
		794241382CC0597700E2F1D2 /* ReclaimExampleUITests.xctest */ = {isa = PBXFileReference; explicitFileType = wrapper.cfbundle; includeInIndex = 0; path = ReclaimExampleUITests.xctest; sourceTree = BUILT_PRODUCTS_DIR; };
		7950289D2CC2367300359AEE /* Localizable.xcstrings */ = {isa = PBXFileReference; lastKnownFileType = text.json.xcstrings; path = Localizable.xcstrings; sourceTree = "<group>"; };
		795028A32CC24B3600359AEE /* BaseConfig.xcconfig */ = {isa = PBXFileReference; lastKnownFileType = text.xcconfig; path = BaseConfig.xcconfig; sourceTree = "<group>"; };
		7957C19A2CC90E3900DBB8C7 /* SampleReclaimAttestorProofRequest.json */ = {isa = PBXFileReference; lastKnownFileType = text.json; path = SampleReclaimAttestorProofRequest.json; sourceTree = "<group>"; };
		79B6A3C52D29F03F00DAE854 /* FlutterPluginRegistrant.xcframework */ = {isa = PBXFileReference; lastKnownFileType = wrapper.xcframework; name = FlutterPluginRegistrant.xcframework; path = "ReclaimFrameworks/$(CONFIGURATION)/FlutterPluginRegistrant.xcframework"; sourceTree = "<group>"; };
		79B6A3C62D29F03F00DAE854 /* permission_handler_apple.xcframework */ = {isa = PBXFileReference; lastKnownFileType = wrapper.xcframework; name = permission_handler_apple.xcframework; path = "ReclaimFrameworks/$(CONFIGURATION)/permission_handler_apple.xcframework"; sourceTree = "<group>"; };
		79B6A3C72D29F03F00DAE854 /* flutter_secure_storage.xcframework */ = {isa = PBXFileReference; lastKnownFileType = wrapper.xcframework; name = flutter_secure_storage.xcframework; path = "ReclaimFrameworks/$(CONFIGURATION)/flutter_secure_storage.xcframework"; sourceTree = "<group>"; };
		79B6A3C82D29F03F00DAE854 /* cupertino_http.xcframework */ = {isa = PBXFileReference; lastKnownFileType = wrapper.xcframework; name = cupertino_http.xcframework; path = "ReclaimFrameworks/$(CONFIGURATION)/cupertino_http.xcframework"; sourceTree = "<group>"; };
		79B6A3C92D29F03F00DAE854 /* gnarkprover.xcframework */ = {isa = PBXFileReference; lastKnownFileType = wrapper.xcframework; name = gnarkprover.xcframework; path = "ReclaimFrameworks/$(CONFIGURATION)/gnarkprover.xcframework"; sourceTree = "<group>"; };
		79B6A3CA2D29F03F00DAE854 /* path_provider_foundation.xcframework */ = {isa = PBXFileReference; lastKnownFileType = wrapper.xcframework; name = path_provider_foundation.xcframework; path = "ReclaimFrameworks/$(CONFIGURATION)/path_provider_foundation.xcframework"; sourceTree = "<group>"; };
		79B6A3CB2D29F03F00DAE854 /* Flutter.xcframework */ = {isa = PBXFileReference; expectedSignature = "AppleDeveloperProgram:S8QB4VV633:FLUTTER.IO LLC"; lastKnownFileType = wrapper.xcframework; name = Flutter.xcframework; path = "ReclaimFrameworks/$(CONFIGURATION)/Flutter.xcframework"; sourceTree = "<group>"; };
		79B6A3CC2D29F03F00DAE854 /* device_info_plus.xcframework */ = {isa = PBXFileReference; lastKnownFileType = wrapper.xcframework; name = device_info_plus.xcframework; path = "ReclaimFrameworks/$(CONFIGURATION)/device_info_plus.xcframework"; sourceTree = "<group>"; };
		79B6A3CD2D29F03F00DAE854 /* App.xcframework */ = {isa = PBXFileReference; lastKnownFileType = wrapper.xcframework; name = App.xcframework; path = "ReclaimFrameworks/$(CONFIGURATION)/App.xcframework"; sourceTree = "<group>"; };
		79B6A3CE2D29F03F00DAE854 /* Toast.xcframework */ = {isa = PBXFileReference; lastKnownFileType = wrapper.xcframework; name = Toast.xcframework; path = "ReclaimFrameworks/$(CONFIGURATION)/Toast.xcframework"; sourceTree = "<group>"; };
		79B6A3CF2D29F03F00DAE854 /* url_launcher_ios.xcframework */ = {isa = PBXFileReference; lastKnownFileType = wrapper.xcframework; name = url_launcher_ios.xcframework; path = "ReclaimFrameworks/$(CONFIGURATION)/url_launcher_ios.xcframework"; sourceTree = "<group>"; };
		79B6A3D02D29F03F00DAE854 /* flutter_inappwebview_ios.xcframework */ = {isa = PBXFileReference; lastKnownFileType = wrapper.xcframework; name = flutter_inappwebview_ios.xcframework; path = "ReclaimFrameworks/$(CONFIGURATION)/flutter_inappwebview_ios.xcframework"; sourceTree = "<group>"; };
		79B6A3D12D29F03F00DAE854 /* fluttertoast.xcframework */ = {isa = PBXFileReference; lastKnownFileType = wrapper.xcframework; name = fluttertoast.xcframework; path = "ReclaimFrameworks/$(CONFIGURATION)/fluttertoast.xcframework"; sourceTree = "<group>"; };
		79B6A3D22D29F03F00DAE854 /* share_plus.xcframework */ = {isa = PBXFileReference; lastKnownFileType = wrapper.xcframework; name = share_plus.xcframework; path = "ReclaimFrameworks/$(CONFIGURATION)/share_plus.xcframework"; sourceTree = "<group>"; };
		79B6A3D32D29F03F00DAE854 /* shared_preferences_foundation.xcframework */ = {isa = PBXFileReference; lastKnownFileType = wrapper.xcframework; name = shared_preferences_foundation.xcframework; path = "ReclaimFrameworks/$(CONFIGURATION)/shared_preferences_foundation.xcframework"; sourceTree = "<group>"; };
		79B6A3D42D29F03F00DAE854 /* sqflite_darwin.xcframework */ = {isa = PBXFileReference; lastKnownFileType = wrapper.xcframework; name = sqflite_darwin.xcframework; path = "ReclaimFrameworks/$(CONFIGURATION)/sqflite_darwin.xcframework"; sourceTree = "<group>"; };
		79B6A3D52D29F03F00DAE854 /* OrderedSet.xcframework */ = {isa = PBXFileReference; lastKnownFileType = wrapper.xcframework; name = OrderedSet.xcframework; path = "ReclaimFrameworks/$(CONFIGURATION)/OrderedSet.xcframework"; sourceTree = "<group>"; };
		79B6A3D62D29F03F00DAE854 /* package_info_plus.xcframework */ = {isa = PBXFileReference; lastKnownFileType = wrapper.xcframework; name = package_info_plus.xcframework; path = "ReclaimFrameworks/$(CONFIGURATION)/package_info_plus.xcframework"; sourceTree = "<group>"; };
		8B0F7E36A54FB9F03689521D /* Pods-ReclaimExampleTests.release.xcconfig */ = {isa = PBXFileReference; includeInIndex = 1; lastKnownFileType = text.xcconfig; name = "Pods-ReclaimExampleTests.release.xcconfig"; path = "Target Support Files/Pods-ReclaimExampleTests/Pods-ReclaimExampleTests.release.xcconfig"; sourceTree = "<group>"; };
		CE593C2C445CF806CD1BA096 /* Pods_ReclaimExample.framework */ = {isa = PBXFileReference; explicitFileType = wrapper.framework; includeInIndex = 0; path = Pods_ReclaimExample.framework; sourceTree = BUILT_PRODUCTS_DIR; };
		E048036F0AFFAC0824DF9207 /* Pods_ReclaimExample_ReclaimExampleUITests.framework */ = {isa = PBXFileReference; explicitFileType = wrapper.framework; includeInIndex = 0; path = Pods_ReclaimExample_ReclaimExampleUITests.framework; sourceTree = BUILT_PRODUCTS_DIR; };
		F60FE60AA47B806E9DE20DDD /* Pods-ReclaimExample.release.xcconfig */ = {isa = PBXFileReference; includeInIndex = 1; lastKnownFileType = text.xcconfig; name = "Pods-ReclaimExample.release.xcconfig"; path = "Target Support Files/Pods-ReclaimExample/Pods-ReclaimExample.release.xcconfig"; sourceTree = "<group>"; };
/* End PBXFileReference section */

/* Begin PBXFileSystemSynchronizedBuildFileExceptionSet section */
		795028A22CC23EDF00359AEE /* Exceptions for "ReclaimExample" folder in "ReclaimExample" target */ = {
			isa = PBXFileSystemSynchronizedBuildFileExceptionSet;
			membershipExceptions = (
				Info.plist,
			);
			target = 7942411D2CC0597600E2F1D2 /* ReclaimExample */;
		};
/* End PBXFileSystemSynchronizedBuildFileExceptionSet section */

/* Begin PBXFileSystemSynchronizedRootGroup section */
		794241202CC0597600E2F1D2 /* ReclaimExample */ = {
			isa = PBXFileSystemSynchronizedRootGroup;
			exceptions = (
				795028A22CC23EDF00359AEE /* Exceptions for "ReclaimExample" folder in "ReclaimExample" target */,
			);
			path = ReclaimExample;
			sourceTree = "<group>";
		};
		794241312CC0597700E2F1D2 /* ReclaimExampleTests */ = {
			isa = PBXFileSystemSynchronizedRootGroup;
			path = ReclaimExampleTests;
			sourceTree = "<group>";
		};
		7942413B2CC0597700E2F1D2 /* ReclaimExampleUITests */ = {
			isa = PBXFileSystemSynchronizedRootGroup;
			path = ReclaimExampleUITests;
			sourceTree = "<group>";
		};
/* End PBXFileSystemSynchronizedRootGroup section */

/* Begin PBXFrameworksBuildPhase section */
		7942411B2CC0597600E2F1D2 /* Frameworks */ = {
			isa = PBXFrameworksBuildPhase;
			buildActionMask = 2147483647;
			files = (
				79A13DA12D29F17500254B82 /* App.xcframework in Frameworks */,
				79B6A3D72D29F03F00DAE854 /* FlutterPluginRegistrant.xcframework in Frameworks */,
				796962E92D29F7E800C8A707 /* shared_preferences_foundation.xcframework in Frameworks */,
				796962D12D29F6BD00C8A707 /* flutter_secure_storage.xcframework in Frameworks */,
				796962D52D29F71E00C8A707 /* gnarkprover.xcframework in Frameworks */,
				796962D72D29F73500C8A707 /* path_provider_foundation.xcframework in Frameworks */,
				796962D32D29F70000C8A707 /* cupertino_http.xcframework in Frameworks */,
				796962E52D29F7E200C8A707 /* permission_handler_apple.xcframework in Frameworks */,
				796962DD2D29F77F00C8A707 /* url_launcher_ios.xcframework in Frameworks */,
				79A13DA42D29F18E00254B82 /* Flutter.xcframework in Frameworks */,
				796962E72D29F7E600C8A707 /* share_plus.xcframework in Frameworks */,
				796962E12D29F7C100C8A707 /* fluttertoast.xcframework in Frameworks */,
				796962E32D29F7DE00C8A707 /* package_info_plus.xcframework in Frameworks */,
				796962DB2D29F76900C8A707 /* Toast.xcframework in Frameworks */,
				796962ED2D29F80400C8A707 /* OrderedSet.xcframework in Frameworks */,
				796962DF2D29F79D00C8A707 /* flutter_inappwebview_ios.xcframework in Frameworks */,
				796962D92D29F75100C8A707 /* device_info_plus.xcframework in Frameworks */,
				796962EB2D29F7EC00C8A707 /* sqflite_darwin.xcframework in Frameworks */,
				79249E802D29DF7800D48F07 /* ReclaimInAppSdk in Frameworks */,
				249E4711579929293A91455A /* Pods_ReclaimExample.framework in Frameworks */,
			);
			runOnlyForDeploymentPostprocessing = 0;
		};
		7942412B2CC0597700E2F1D2 /* Frameworks */ = {
			isa = PBXFrameworksBuildPhase;
			buildActionMask = 2147483647;
			files = (
				836A184AD06B7ABBA81DC331 /* Pods_ReclaimExampleTests.framework in Frameworks */,
			);
			runOnlyForDeploymentPostprocessing = 0;
		};
		794241352CC0597700E2F1D2 /* Frameworks */ = {
			isa = PBXFrameworksBuildPhase;
			buildActionMask = 2147483647;
			files = (
				FF5A7D62BB03F1DB1F0D654F /* Pods_ReclaimExample_ReclaimExampleUITests.framework in Frameworks */,
			);
			runOnlyForDeploymentPostprocessing = 0;
		};
/* End PBXFrameworksBuildPhase section */

/* Begin PBXGroup section */
		36F93844609F9E8CA7129D61 /* Pods */ = {
			isa = PBXGroup;
			children = (
				7205279DC9775E0046970885 /* Pods-ReclaimExample.debug.xcconfig */,
				F60FE60AA47B806E9DE20DDD /* Pods-ReclaimExample.release.xcconfig */,
				79382313A4FFB042E10B2204 /* Pods-ReclaimExample-ReclaimExampleUITests.debug.xcconfig */,
				268A948ADC2976931DC73E4A /* Pods-ReclaimExample-ReclaimExampleUITests.release.xcconfig */,
				583F4D381E7CB6FBF213FEBF /* Pods-ReclaimExampleTests.debug.xcconfig */,
				8B0F7E36A54FB9F03689521D /* Pods-ReclaimExampleTests.release.xcconfig */,
			);
			path = Pods;
			sourceTree = "<group>";
		};
		794241152CC0597600E2F1D2 = {
			isa = PBXGroup;
			children = (
				7957C19A2CC90E3900DBB8C7 /* SampleReclaimAttestorProofRequest.json */,
				795028A32CC24B3600359AEE /* BaseConfig.xcconfig */,
				7950289D2CC2367300359AEE /* Localizable.xcstrings */,
				794241202CC0597600E2F1D2 /* ReclaimExample */,
				794241312CC0597700E2F1D2 /* ReclaimExampleTests */,
				7942413B2CC0597700E2F1D2 /* ReclaimExampleUITests */,
				794382F42D29EDEB00E018A3 /* Frameworks */,
				7942411F2CC0597600E2F1D2 /* Products */,
				36F93844609F9E8CA7129D61 /* Pods */,
			);
			sourceTree = "<group>";
		};
		7942411F2CC0597600E2F1D2 /* Products */ = {
			isa = PBXGroup;
			children = (
				7942411E2CC0597600E2F1D2 /* ReclaimExample.app */,
				7942412E2CC0597700E2F1D2 /* ReclaimExampleTests.xctest */,
				794241382CC0597700E2F1D2 /* ReclaimExampleUITests.xctest */,
			);
			name = Products;
			sourceTree = "<group>";
		};
		794382F42D29EDEB00E018A3 /* Frameworks */ = {
			isa = PBXGroup;
			children = (
				79B6A3CD2D29F03F00DAE854 /* App.xcframework */,
				79B6A3C82D29F03F00DAE854 /* cupertino_http.xcframework */,
				79B6A3CC2D29F03F00DAE854 /* device_info_plus.xcframework */,
				79B6A3CB2D29F03F00DAE854 /* Flutter.xcframework */,
				79B6A3D02D29F03F00DAE854 /* flutter_inappwebview_ios.xcframework */,
				79B6A3C72D29F03F00DAE854 /* flutter_secure_storage.xcframework */,
				79B6A3C52D29F03F00DAE854 /* FlutterPluginRegistrant.xcframework */,
				79B6A3D12D29F03F00DAE854 /* fluttertoast.xcframework */,
				79B6A3C92D29F03F00DAE854 /* gnarkprover.xcframework */,
				79B6A3D52D29F03F00DAE854 /* OrderedSet.xcframework */,
				79B6A3D62D29F03F00DAE854 /* package_info_plus.xcframework */,
				79B6A3CA2D29F03F00DAE854 /* path_provider_foundation.xcframework */,
				79B6A3C62D29F03F00DAE854 /* permission_handler_apple.xcframework */,
				79B6A3D22D29F03F00DAE854 /* share_plus.xcframework */,
				79B6A3D32D29F03F00DAE854 /* shared_preferences_foundation.xcframework */,
				79B6A3D42D29F03F00DAE854 /* sqflite_darwin.xcframework */,
				79B6A3CE2D29F03F00DAE854 /* Toast.xcframework */,
				79B6A3CF2D29F03F00DAE854 /* url_launcher_ios.xcframework */,
				CE593C2C445CF806CD1BA096 /* Pods_ReclaimExample.framework */,
				E048036F0AFFAC0824DF9207 /* Pods_ReclaimExample_ReclaimExampleUITests.framework */,
				03A4E1612044C563D39DF7E1 /* Pods_ReclaimExampleTests.framework */,
			);
			name = Frameworks;
			sourceTree = "<group>";
		};
/* End PBXGroup section */

/* Begin PBXNativeTarget section */
		7942411D2CC0597600E2F1D2 /* ReclaimExample */ = {
			isa = PBXNativeTarget;
			buildConfigurationList = 794241422CC0597700E2F1D2 /* Build configuration list for PBXNativeTarget "ReclaimExample" */;
			buildPhases = (
				6A9FAADD1AD033297AC79CEA /* [CP] Check Pods Manifest.lock */,
				7942411A2CC0597600E2F1D2 /* Sources */,
				7942411B2CC0597600E2F1D2 /* Frameworks */,
				7942411C2CC0597600E2F1D2 /* Resources */,
				79A13DA32D29F17600254B82 /* Embed Frameworks */,
			);
			buildRules = (
			);
			dependencies = (
			);
			fileSystemSynchronizedGroups = (
				794241202CC0597600E2F1D2 /* ReclaimExample */,
			);
			name = ReclaimExample;
			packageProductDependencies = (
				79249E7F2D29DF7800D48F07 /* ReclaimInAppSdk */,
			);
			productName = app;
			productReference = 7942411E2CC0597600E2F1D2 /* ReclaimExample.app */;
			productType = "com.apple.product-type.application";
		};
		7942412D2CC0597700E2F1D2 /* ReclaimExampleTests */ = {
			isa = PBXNativeTarget;
			buildConfigurationList = 794241452CC0597700E2F1D2 /* Build configuration list for PBXNativeTarget "ReclaimExampleTests" */;
			buildPhases = (
				EC7764F7E55428FC66A3E23F /* [CP] Check Pods Manifest.lock */,
				7942412A2CC0597700E2F1D2 /* Sources */,
				7942412B2CC0597700E2F1D2 /* Frameworks */,
				7942412C2CC0597700E2F1D2 /* Resources */,
			);
			buildRules = (
			);
			dependencies = (
				794241302CC0597700E2F1D2 /* PBXTargetDependency */,
			);
			fileSystemSynchronizedGroups = (
				794241312CC0597700E2F1D2 /* ReclaimExampleTests */,
			);
			name = ReclaimExampleTests;
			productName = appTests;
			productReference = 7942412E2CC0597700E2F1D2 /* ReclaimExampleTests.xctest */;
			productType = "com.apple.product-type.bundle.unit-test";
		};
		794241372CC0597700E2F1D2 /* ReclaimExampleUITests */ = {
			isa = PBXNativeTarget;
			buildConfigurationList = 794241482CC0597700E2F1D2 /* Build configuration list for PBXNativeTarget "ReclaimExampleUITests" */;
			buildPhases = (
				5E1EA63E3333525A4FE61F4A /* [CP] Check Pods Manifest.lock */,
				794241342CC0597700E2F1D2 /* Sources */,
				794241352CC0597700E2F1D2 /* Frameworks */,
				794241362CC0597700E2F1D2 /* Resources */,
			);
			buildRules = (
			);
			dependencies = (
				7942413A2CC0597700E2F1D2 /* PBXTargetDependency */,
			);
			fileSystemSynchronizedGroups = (
				7942413B2CC0597700E2F1D2 /* ReclaimExampleUITests */,
			);
			name = ReclaimExampleUITests;
			productName = appUITests;
			productReference = 794241382CC0597700E2F1D2 /* ReclaimExampleUITests.xctest */;
			productType = "com.apple.product-type.bundle.ui-testing";
		};
/* End PBXNativeTarget section */

/* Begin PBXProject section */
		794241162CC0597600E2F1D2 /* Project object */ = {
			isa = PBXProject;
			attributes = {
				BuildIndependentTargetsInParallel = 1;
				LastSwiftUpdateCheck = 1600;
				LastUpgradeCheck = 1600;
				TargetAttributes = {
					7942411D2CC0597600E2F1D2 = {
						CreatedOnToolsVersion = 16.0;
					};
					7942412D2CC0597700E2F1D2 = {
						CreatedOnToolsVersion = 16.0;
						TestTargetID = 7942411D2CC0597600E2F1D2;
					};
					794241372CC0597700E2F1D2 = {
						CreatedOnToolsVersion = 16.0;
						TestTargetID = 7942411D2CC0597600E2F1D2;
					};
				};
			};
			buildConfigurationList = 794241192CC0597600E2F1D2 /* Build configuration list for PBXProject "ReclaimExample" */;
			developmentRegion = en;
			hasScannedForEncodings = 0;
			knownRegions = (
				en,
				Base,
			);
			mainGroup = 794241152CC0597600E2F1D2;
			minimizedProjectReferenceProxies = 1;
			packageReferences = (
				79249E7E2D29DF7800D48F07 /* XCLocalSwiftPackageReference "../../../ios" */,
			);
			preferredProjectObjectVersion = 77;
			productRefGroup = 7942411F2CC0597600E2F1D2 /* Products */;
			projectDirPath = "";
			projectRoot = "";
			targets = (
				7942411D2CC0597600E2F1D2 /* ReclaimExample */,
				7942412D2CC0597700E2F1D2 /* ReclaimExampleTests */,
				794241372CC0597700E2F1D2 /* ReclaimExampleUITests */,
			);
		};
/* End PBXProject section */

/* Begin PBXResourcesBuildPhase section */
		7942411C2CC0597600E2F1D2 /* Resources */ = {
			isa = PBXResourcesBuildPhase;
			buildActionMask = 2147483647;
			files = (
				7950289E2CC2367300359AEE /* Localizable.xcstrings in Resources */,
				7957C19D2CC90E4E00DBB8C7 /* SampleReclaimAttestorProofRequest.json in Resources */,
				795028A52CC24B3600359AEE /* BaseConfig.xcconfig in Resources */,
			);
			runOnlyForDeploymentPostprocessing = 0;
		};
		7942412C2CC0597700E2F1D2 /* Resources */ = {
			isa = PBXResourcesBuildPhase;
			buildActionMask = 2147483647;
			files = (
				7950289F2CC2367300359AEE /* Localizable.xcstrings in Resources */,
				7957C19C2CC90E4E00DBB8C7 /* SampleReclaimAttestorProofRequest.json in Resources */,
				795028A42CC24B3600359AEE /* BaseConfig.xcconfig in Resources */,
			);
			runOnlyForDeploymentPostprocessing = 0;
		};
		794241362CC0597700E2F1D2 /* Resources */ = {
			isa = PBXResourcesBuildPhase;
			buildActionMask = 2147483647;
			files = (
				795028A02CC2367300359AEE /* Localizable.xcstrings in Resources */,
				7957C19B2CC90E4E00DBB8C7 /* SampleReclaimAttestorProofRequest.json in Resources */,
				795028A62CC24B3600359AEE /* BaseConfig.xcconfig in Resources */,
			);
			runOnlyForDeploymentPostprocessing = 0;
		};
/* End PBXResourcesBuildPhase section */

/* Begin PBXShellScriptBuildPhase section */
		5E1EA63E3333525A4FE61F4A /* [CP] Check Pods Manifest.lock */ = {
			isa = PBXShellScriptBuildPhase;
			buildActionMask = 2147483647;
			files = (
			);
			inputFileListPaths = (
			);
			inputPaths = (
				"${PODS_PODFILE_DIR_PATH}/Podfile.lock",
				"${PODS_ROOT}/Manifest.lock",
			);
			name = "[CP] Check Pods Manifest.lock";
			outputFileListPaths = (
			);
			outputPaths = (
				"$(DERIVED_FILE_DIR)/Pods-ReclaimExample-ReclaimExampleUITests-checkManifestLockResult.txt",
			);
			runOnlyForDeploymentPostprocessing = 0;
			shellPath = /bin/sh;
			shellScript = "diff \"${PODS_PODFILE_DIR_PATH}/Podfile.lock\" \"${PODS_ROOT}/Manifest.lock\" > /dev/null\nif [ $? != 0 ] ; then\n    # print error to STDERR\n    echo \"error: The sandbox is not in sync with the Podfile.lock. Run 'pod install' or update your CocoaPods installation.\" >&2\n    exit 1\nfi\n# This output is used by Xcode 'outputs' to avoid re-running this script phase.\necho \"SUCCESS\" > \"${SCRIPT_OUTPUT_FILE_0}\"\n";
			showEnvVarsInLog = 0;
		};
		6A9FAADD1AD033297AC79CEA /* [CP] Check Pods Manifest.lock */ = {
			isa = PBXShellScriptBuildPhase;
			buildActionMask = 2147483647;
			files = (
			);
			inputFileListPaths = (
			);
			inputPaths = (
				"${PODS_PODFILE_DIR_PATH}/Podfile.lock",
				"${PODS_ROOT}/Manifest.lock",
			);
			name = "[CP] Check Pods Manifest.lock";
			outputFileListPaths = (
			);
			outputPaths = (
				"$(DERIVED_FILE_DIR)/Pods-ReclaimExample-checkManifestLockResult.txt",
			);
			runOnlyForDeploymentPostprocessing = 0;
			shellPath = /bin/sh;
			shellScript = "diff \"${PODS_PODFILE_DIR_PATH}/Podfile.lock\" \"${PODS_ROOT}/Manifest.lock\" > /dev/null\nif [ $? != 0 ] ; then\n    # print error to STDERR\n    echo \"error: The sandbox is not in sync with the Podfile.lock. Run 'pod install' or update your CocoaPods installation.\" >&2\n    exit 1\nfi\n# This output is used by Xcode 'outputs' to avoid re-running this script phase.\necho \"SUCCESS\" > \"${SCRIPT_OUTPUT_FILE_0}\"\n";
			showEnvVarsInLog = 0;
		};
		EC7764F7E55428FC66A3E23F /* [CP] Check Pods Manifest.lock */ = {
			isa = PBXShellScriptBuildPhase;
			buildActionMask = 2147483647;
			files = (
			);
			inputFileListPaths = (
			);
			inputPaths = (
				"${PODS_PODFILE_DIR_PATH}/Podfile.lock",
				"${PODS_ROOT}/Manifest.lock",
			);
			name = "[CP] Check Pods Manifest.lock";
			outputFileListPaths = (
			);
			outputPaths = (
				"$(DERIVED_FILE_DIR)/Pods-ReclaimExampleTests-checkManifestLockResult.txt",
			);
			runOnlyForDeploymentPostprocessing = 0;
			shellPath = /bin/sh;
			shellScript = "diff \"${PODS_PODFILE_DIR_PATH}/Podfile.lock\" \"${PODS_ROOT}/Manifest.lock\" > /dev/null\nif [ $? != 0 ] ; then\n    # print error to STDERR\n    echo \"error: The sandbox is not in sync with the Podfile.lock. Run 'pod install' or update your CocoaPods installation.\" >&2\n    exit 1\nfi\n# This output is used by Xcode 'outputs' to avoid re-running this script phase.\necho \"SUCCESS\" > \"${SCRIPT_OUTPUT_FILE_0}\"\n";
			showEnvVarsInLog = 0;
		};
/* End PBXShellScriptBuildPhase section */

/* Begin PBXSourcesBuildPhase section */
		7942411A2CC0597600E2F1D2 /* Sources */ = {
			isa = PBXSourcesBuildPhase;
			buildActionMask = 2147483647;
			files = (
			);
			runOnlyForDeploymentPostprocessing = 0;
		};
		7942412A2CC0597700E2F1D2 /* Sources */ = {
			isa = PBXSourcesBuildPhase;
			buildActionMask = 2147483647;
			files = (
			);
			runOnlyForDeploymentPostprocessing = 0;
		};
		794241342CC0597700E2F1D2 /* Sources */ = {
			isa = PBXSourcesBuildPhase;
			buildActionMask = 2147483647;
			files = (
			);
			runOnlyForDeploymentPostprocessing = 0;
		};
/* End PBXSourcesBuildPhase section */

/* Begin PBXTargetDependency section */
		794241302CC0597700E2F1D2 /* PBXTargetDependency */ = {
			isa = PBXTargetDependency;
			target = 7942411D2CC0597600E2F1D2 /* ReclaimExample */;
			targetProxy = 7942412F2CC0597700E2F1D2 /* PBXContainerItemProxy */;
		};
		7942413A2CC0597700E2F1D2 /* PBXTargetDependency */ = {
			isa = PBXTargetDependency;
			target = 7942411D2CC0597600E2F1D2 /* ReclaimExample */;
			targetProxy = 794241392CC0597700E2F1D2 /* PBXContainerItemProxy */;
		};
/* End PBXTargetDependency section */

/* Begin XCBuildConfiguration section */
		794241402CC0597700E2F1D2 /* Debug */ = {
			isa = XCBuildConfiguration;
			baseConfigurationReference = 795028A32CC24B3600359AEE /* BaseConfig.xcconfig */;
			buildSettings = {
				ALWAYS_SEARCH_USER_PATHS = NO;
				ASSETCATALOG_COMPILER_GENERATE_SWIFT_ASSET_SYMBOL_EXTENSIONS = YES;
				CLANG_ANALYZER_NONNULL = YES;
				CLANG_ANALYZER_NUMBER_OBJECT_CONVERSION = YES_AGGRESSIVE;
				CLANG_CXX_LANGUAGE_STANDARD = "gnu++20";
				CLANG_ENABLE_MODULES = YES;
				CLANG_ENABLE_OBJC_ARC = YES;
				CLANG_ENABLE_OBJC_WEAK = YES;
				CLANG_WARN_BLOCK_CAPTURE_AUTORELEASING = YES;
				CLANG_WARN_BOOL_CONVERSION = YES;
				CLANG_WARN_COMMA = YES;
				CLANG_WARN_CONSTANT_CONVERSION = YES;
				CLANG_WARN_DEPRECATED_OBJC_IMPLEMENTATIONS = YES;
				CLANG_WARN_DIRECT_OBJC_ISA_USAGE = YES_ERROR;
				CLANG_WARN_DOCUMENTATION_COMMENTS = YES;
				CLANG_WARN_EMPTY_BODY = YES;
				CLANG_WARN_ENUM_CONVERSION = YES;
				CLANG_WARN_INFINITE_RECURSION = YES;
				CLANG_WARN_INT_CONVERSION = YES;
				CLANG_WARN_NON_LITERAL_NULL_CONVERSION = YES;
				CLANG_WARN_OBJC_IMPLICIT_RETAIN_SELF = YES;
				CLANG_WARN_OBJC_LITERAL_CONVERSION = YES;
				CLANG_WARN_OBJC_ROOT_CLASS = YES_ERROR;
				CLANG_WARN_QUOTED_INCLUDE_IN_FRAMEWORK_HEADER = YES;
				CLANG_WARN_RANGE_LOOP_ANALYSIS = YES;
				CLANG_WARN_STRICT_PROTOTYPES = YES;
				CLANG_WARN_SUSPICIOUS_MOVE = YES;
				CLANG_WARN_UNGUARDED_AVAILABILITY = YES_AGGRESSIVE;
				CLANG_WARN_UNREACHABLE_CODE = YES;
				CLANG_WARN__DUPLICATE_METHOD_MATCH = YES;
				COPY_PHASE_STRIP = NO;
				DEBUG_INFORMATION_FORMAT = dwarf;
				ENABLE_STRICT_OBJC_MSGSEND = YES;
				ENABLE_TESTABILITY = YES;
				ENABLE_USER_SCRIPT_SANDBOXING = YES;
				GCC_C_LANGUAGE_STANDARD = gnu17;
				GCC_DYNAMIC_NO_PIC = NO;
				GCC_NO_COMMON_BLOCKS = YES;
				GCC_OPTIMIZATION_LEVEL = 0;
				GCC_PREPROCESSOR_DEFINITIONS = (
					"DEBUG=1",
					"$(inherited)",
				);
				GCC_WARN_64_TO_32_BIT_CONVERSION = YES;
				GCC_WARN_ABOUT_RETURN_TYPE = YES_ERROR;
				GCC_WARN_UNDECLARED_SELECTOR = YES;
				GCC_WARN_UNINITIALIZED_AUTOS = YES_AGGRESSIVE;
				GCC_WARN_UNUSED_FUNCTION = YES;
				GCC_WARN_UNUSED_VARIABLE = YES;
				IPHONEOS_DEPLOYMENT_TARGET = 18.0;
				LOCALIZATION_PREFERS_STRING_CATALOGS = YES;
				MTL_ENABLE_DEBUG_INFO = INCLUDE_SOURCE;
				MTL_FAST_MATH = YES;
				ONLY_ACTIVE_ARCH = YES;
				SDKROOT = iphoneos;
				SWIFT_ACTIVE_COMPILATION_CONDITIONS = "DEBUG $(inherited)";
				SWIFT_EMIT_LOC_STRINGS = YES;
				SWIFT_OPTIMIZATION_LEVEL = "-Onone";
			};
			name = Debug;
		};
		794241412CC0597700E2F1D2 /* Release */ = {
			isa = XCBuildConfiguration;
			baseConfigurationReference = 795028A32CC24B3600359AEE /* BaseConfig.xcconfig */;
			buildSettings = {
				ALWAYS_SEARCH_USER_PATHS = NO;
				ASSETCATALOG_COMPILER_GENERATE_SWIFT_ASSET_SYMBOL_EXTENSIONS = YES;
				CLANG_ANALYZER_NONNULL = YES;
				CLANG_ANALYZER_NUMBER_OBJECT_CONVERSION = YES_AGGRESSIVE;
				CLANG_CXX_LANGUAGE_STANDARD = "gnu++20";
				CLANG_ENABLE_MODULES = YES;
				CLANG_ENABLE_OBJC_ARC = YES;
				CLANG_ENABLE_OBJC_WEAK = YES;
				CLANG_WARN_BLOCK_CAPTURE_AUTORELEASING = YES;
				CLANG_WARN_BOOL_CONVERSION = YES;
				CLANG_WARN_COMMA = YES;
				CLANG_WARN_CONSTANT_CONVERSION = YES;
				CLANG_WARN_DEPRECATED_OBJC_IMPLEMENTATIONS = YES;
				CLANG_WARN_DIRECT_OBJC_ISA_USAGE = YES_ERROR;
				CLANG_WARN_DOCUMENTATION_COMMENTS = YES;
				CLANG_WARN_EMPTY_BODY = YES;
				CLANG_WARN_ENUM_CONVERSION = YES;
				CLANG_WARN_INFINITE_RECURSION = YES;
				CLANG_WARN_INT_CONVERSION = YES;
				CLANG_WARN_NON_LITERAL_NULL_CONVERSION = YES;
				CLANG_WARN_OBJC_IMPLICIT_RETAIN_SELF = YES;
				CLANG_WARN_OBJC_LITERAL_CONVERSION = YES;
				CLANG_WARN_OBJC_ROOT_CLASS = YES_ERROR;
				CLANG_WARN_QUOTED_INCLUDE_IN_FRAMEWORK_HEADER = YES;
				CLANG_WARN_RANGE_LOOP_ANALYSIS = YES;
				CLANG_WARN_STRICT_PROTOTYPES = YES;
				CLANG_WARN_SUSPICIOUS_MOVE = YES;
				CLANG_WARN_UNGUARDED_AVAILABILITY = YES_AGGRESSIVE;
				CLANG_WARN_UNREACHABLE_CODE = YES;
				CLANG_WARN__DUPLICATE_METHOD_MATCH = YES;
				COPY_PHASE_STRIP = NO;
				DEBUG_INFORMATION_FORMAT = "dwarf-with-dsym";
				ENABLE_NS_ASSERTIONS = NO;
				ENABLE_STRICT_OBJC_MSGSEND = YES;
				ENABLE_USER_SCRIPT_SANDBOXING = YES;
				GCC_C_LANGUAGE_STANDARD = gnu17;
				GCC_NO_COMMON_BLOCKS = YES;
				GCC_WARN_64_TO_32_BIT_CONVERSION = YES;
				GCC_WARN_ABOUT_RETURN_TYPE = YES_ERROR;
				GCC_WARN_UNDECLARED_SELECTOR = YES;
				GCC_WARN_UNINITIALIZED_AUTOS = YES_AGGRESSIVE;
				GCC_WARN_UNUSED_FUNCTION = YES;
				GCC_WARN_UNUSED_VARIABLE = YES;
				IPHONEOS_DEPLOYMENT_TARGET = 18.0;
				LOCALIZATION_PREFERS_STRING_CATALOGS = YES;
				MTL_ENABLE_DEBUG_INFO = NO;
				MTL_FAST_MATH = YES;
				SDKROOT = iphoneos;
				SWIFT_COMPILATION_MODE = wholemodule;
				SWIFT_EMIT_LOC_STRINGS = YES;
				VALIDATE_PRODUCT = YES;
			};
			name = Release;
		};
		794241432CC0597700E2F1D2 /* Debug */ = {
			isa = XCBuildConfiguration;
			baseConfigurationReference = 7205279DC9775E0046970885 /* Pods-ReclaimExample.debug.xcconfig */;
			buildSettings = {
				ASSETCATALOG_COMPILER_APPICON_NAME = AppIcon;
				ASSETCATALOG_COMPILER_GLOBAL_ACCENT_COLOR_NAME = AccentColor;
				CODE_SIGN_ENTITLEMENTS = ReclaimExample/ReclaimExample.entitlements;
				CODE_SIGN_STYLE = Automatic;
				CURRENT_PROJECT_VERSION = 1;
				DEVELOPMENT_ASSET_PATHS = "\"ReclaimExample/Preview Content\"";
				DEVELOPMENT_TEAM = 69T6V5YN8P;
				ENABLE_PREVIEWS = YES;
				FRAMEWORK_SEARCH_PATHS = (
					"$(PROJECT_DIR)/ReclaimFrameworks/$(CONFIGURATION)/",
					"$(inherited)",
				);
				GENERATE_INFOPLIST_FILE = YES;
				INFOPLIST_FILE = ReclaimExample/Info.plist;
				INFOPLIST_KEY_CFBundleDisplayName = "Reclaim SDK Example";
				INFOPLIST_KEY_LSApplicationCategoryType = "public.app-category.developer-tools";
				INFOPLIST_KEY_UIApplicationSceneManifest_Generation = YES;
				INFOPLIST_KEY_UIApplicationSupportsIndirectInputEvents = YES;
				INFOPLIST_KEY_UILaunchScreen_Generation = YES;
				INFOPLIST_KEY_UISupportedInterfaceOrientations_iPad = "UIInterfaceOrientationPortrait UIInterfaceOrientationPortraitUpsideDown UIInterfaceOrientationLandscapeLeft UIInterfaceOrientationLandscapeRight";
				INFOPLIST_KEY_UISupportedInterfaceOrientations_iPhone = "UIInterfaceOrientationPortrait UIInterfaceOrientationLandscapeLeft UIInterfaceOrientationLandscapeRight";
				LD_RUNPATH_SEARCH_PATHS = (
					"$(inherited)",
					"@executable_path/Frameworks",
				);
				MARKETING_VERSION = 1.0;
				PRODUCT_BUNDLE_IDENTIFIER = org.reclaimprotocol.app;
				PRODUCT_NAME = "$(TARGET_NAME)";
				SWIFT_EMIT_LOC_STRINGS = YES;
				SWIFT_VERSION = 5.0;
				TARGETED_DEVICE_FAMILY = "1,2";
			};
			name = Debug;
		};
		794241442CC0597700E2F1D2 /* Release */ = {
			isa = XCBuildConfiguration;
			baseConfigurationReference = F60FE60AA47B806E9DE20DDD /* Pods-ReclaimExample.release.xcconfig */;
			buildSettings = {
				ASSETCATALOG_COMPILER_APPICON_NAME = AppIcon;
				ASSETCATALOG_COMPILER_GLOBAL_ACCENT_COLOR_NAME = AccentColor;
				CODE_SIGN_ENTITLEMENTS = ReclaimExample/ReclaimExample.entitlements;
				CODE_SIGN_STYLE = Automatic;
				CURRENT_PROJECT_VERSION = 1;
				DEVELOPMENT_ASSET_PATHS = "\"ReclaimExample/Preview Content\"";
				DEVELOPMENT_TEAM = 69T6V5YN8P;
				ENABLE_PREVIEWS = YES;
				FRAMEWORK_SEARCH_PATHS = (
					"$(PROJECT_DIR)/ReclaimFrameworks/$(CONFIGURATION)/",
					"$(inherited)",
				);
				GENERATE_INFOPLIST_FILE = YES;
				INFOPLIST_FILE = ReclaimExample/Info.plist;
				INFOPLIST_KEY_CFBundleDisplayName = "Reclaim SDK Example";
				INFOPLIST_KEY_LSApplicationCategoryType = "public.app-category.developer-tools";
				INFOPLIST_KEY_UIApplicationSceneManifest_Generation = YES;
				INFOPLIST_KEY_UIApplicationSupportsIndirectInputEvents = YES;
				INFOPLIST_KEY_UILaunchScreen_Generation = YES;
				INFOPLIST_KEY_UISupportedInterfaceOrientations_iPad = "UIInterfaceOrientationPortrait UIInterfaceOrientationPortraitUpsideDown UIInterfaceOrientationLandscapeLeft UIInterfaceOrientationLandscapeRight";
				INFOPLIST_KEY_UISupportedInterfaceOrientations_iPhone = "UIInterfaceOrientationPortrait UIInterfaceOrientationLandscapeLeft UIInterfaceOrientationLandscapeRight";
				LD_RUNPATH_SEARCH_PATHS = (
					"$(inherited)",
					"@executable_path/Frameworks",
				);
				MARKETING_VERSION = 1.0;
				PRODUCT_BUNDLE_IDENTIFIER = org.reclaimprotocol.app;
				PRODUCT_NAME = "$(TARGET_NAME)";
				SWIFT_EMIT_LOC_STRINGS = YES;
				SWIFT_VERSION = 5.0;
				TARGETED_DEVICE_FAMILY = "1,2";
			};
			name = Release;
		};
		794241462CC0597700E2F1D2 /* Debug */ = {
			isa = XCBuildConfiguration;
			baseConfigurationReference = 583F4D381E7CB6FBF213FEBF /* Pods-ReclaimExampleTests.debug.xcconfig */;
			buildSettings = {
				BUNDLE_LOADER = "$(TEST_HOST)";
				CODE_SIGN_STYLE = Automatic;
				CURRENT_PROJECT_VERSION = 1;
				DEVELOPMENT_TEAM = 69T6V5YN8P;
				GENERATE_INFOPLIST_FILE = YES;
				IPHONEOS_DEPLOYMENT_TARGET = 18.0;
				MARKETING_VERSION = 1.0;
				PRODUCT_BUNDLE_IDENTIFIER = org.reclaimprotocol.appTests;
				PRODUCT_NAME = "$(TARGET_NAME)";
				SWIFT_EMIT_LOC_STRINGS = NO;
				SWIFT_VERSION = 5.0;
				TARGETED_DEVICE_FAMILY = "1,2";
				TEST_HOST = "$(BUILT_PRODUCTS_DIR)/ReclaimExample.ReclaimExample/$(BUNDLE_EXECUTABLE_FOLDER_PATH)/ReclaimExample";
			};
			name = Debug;
		};
		794241472CC0597700E2F1D2 /* Release */ = {
			isa = XCBuildConfiguration;
			baseConfigurationReference = 8B0F7E36A54FB9F03689521D /* Pods-ReclaimExampleTests.release.xcconfig */;
			buildSettings = {
				BUNDLE_LOADER = "$(TEST_HOST)";
				CODE_SIGN_STYLE = Automatic;
				CURRENT_PROJECT_VERSION = 1;
				DEVELOPMENT_TEAM = 69T6V5YN8P;
				GENERATE_INFOPLIST_FILE = YES;
				IPHONEOS_DEPLOYMENT_TARGET = 18.0;
				MARKETING_VERSION = 1.0;
				PRODUCT_BUNDLE_IDENTIFIER = org.reclaimprotocol.appTests;
				PRODUCT_NAME = "$(TARGET_NAME)";
				SWIFT_EMIT_LOC_STRINGS = NO;
				SWIFT_VERSION = 5.0;
				TARGETED_DEVICE_FAMILY = "1,2";
				TEST_HOST = "$(BUILT_PRODUCTS_DIR)/ReclaimExample.ReclaimExample/$(BUNDLE_EXECUTABLE_FOLDER_PATH)/ReclaimExample";
			};
			name = Release;
		};
		794241492CC0597700E2F1D2 /* Debug */ = {
			isa = XCBuildConfiguration;
			baseConfigurationReference = 79382313A4FFB042E10B2204 /* Pods-ReclaimExample-ReclaimExampleUITests.debug.xcconfig */;
			buildSettings = {
				CODE_SIGN_STYLE = Automatic;
				CURRENT_PROJECT_VERSION = 1;
				DEVELOPMENT_TEAM = 69T6V5YN8P;
				GENERATE_INFOPLIST_FILE = YES;
				MARKETING_VERSION = 1.0;
				PRODUCT_BUNDLE_IDENTIFIER = org.reclaimprotocol.appUITests;
				PRODUCT_NAME = "$(TARGET_NAME)";
				SWIFT_EMIT_LOC_STRINGS = NO;
				SWIFT_VERSION = 5.0;
				TARGETED_DEVICE_FAMILY = "1,2";
				TEST_TARGET_NAME = app;
			};
			name = Debug;
		};
		7942414A2CC0597700E2F1D2 /* Release */ = {
			isa = XCBuildConfiguration;
			baseConfigurationReference = 268A948ADC2976931DC73E4A /* Pods-ReclaimExample-ReclaimExampleUITests.release.xcconfig */;
			buildSettings = {
				CODE_SIGN_STYLE = Automatic;
				CURRENT_PROJECT_VERSION = 1;
				DEVELOPMENT_TEAM = 69T6V5YN8P;
				GENERATE_INFOPLIST_FILE = YES;
				MARKETING_VERSION = 1.0;
				PRODUCT_BUNDLE_IDENTIFIER = org.reclaimprotocol.appUITests;
				PRODUCT_NAME = "$(TARGET_NAME)";
				SWIFT_EMIT_LOC_STRINGS = NO;
				SWIFT_VERSION = 5.0;
				TARGETED_DEVICE_FAMILY = "1,2";
				TEST_TARGET_NAME = app;
			};
			name = Release;
		};
/* End XCBuildConfiguration section */

/* Begin XCConfigurationList section */
		794241192CC0597600E2F1D2 /* Build configuration list for PBXProject "ReclaimExample" */ = {
			isa = XCConfigurationList;
			buildConfigurations = (
				794241402CC0597700E2F1D2 /* Debug */,
				794241412CC0597700E2F1D2 /* Release */,
			);
			defaultConfigurationIsVisible = 0;
			defaultConfigurationName = Release;
		};
		794241422CC0597700E2F1D2 /* Build configuration list for PBXNativeTarget "ReclaimExample" */ = {
			isa = XCConfigurationList;
			buildConfigurations = (
				794241432CC0597700E2F1D2 /* Debug */,
				794241442CC0597700E2F1D2 /* Release */,
			);
			defaultConfigurationIsVisible = 0;
			defaultConfigurationName = Release;
		};
		794241452CC0597700E2F1D2 /* Build configuration list for PBXNativeTarget "ReclaimExampleTests" */ = {
			isa = XCConfigurationList;
			buildConfigurations = (
				794241462CC0597700E2F1D2 /* Debug */,
				794241472CC0597700E2F1D2 /* Release */,
			);
			defaultConfigurationIsVisible = 0;
			defaultConfigurationName = Release;
		};
		794241482CC0597700E2F1D2 /* Build configuration list for PBXNativeTarget "ReclaimExampleUITests" */ = {
			isa = XCConfigurationList;
			buildConfigurations = (
				794241492CC0597700E2F1D2 /* Debug */,
				7942414A2CC0597700E2F1D2 /* Release */,
			);
			defaultConfigurationIsVisible = 0;
			defaultConfigurationName = Release;
		};
/* End XCConfigurationList section */

/* Begin XCLocalSwiftPackageReference section */
		79249E7E2D29DF7800D48F07 /* XCLocalSwiftPackageReference "../../../ios" */ = {
			isa = XCLocalSwiftPackageReference;
			relativePath = ../../../ios;
		};
/* End XCLocalSwiftPackageReference section */

/* Begin XCSwiftPackageProductDependency section */
		79249E7F2D29DF7800D48F07 /* ReclaimInAppSdk */ = {
			isa = XCSwiftPackageProductDependency;
			productName = ReclaimInAppSdk;
		};
/* End XCSwiftPackageProductDependency section */
	};
	rootObject = 794241162CC0597600E2F1D2 /* Project object */;
}
